Microsoft Visual Studio Solution File, Format Version 11.00
# Visual Studio 2008

Project("{6E1D1353-C862-4CBB-6C9C-944E629D4EC0}") = "VizBioSimulation", "Assembly-CSharp-firstpass-vs.csproj", "{9059D088-7B10-276B-F185-DD5E4D9AB37D}"
EndProject
Project("{6E1D1353-C862-4CBB-6C9C-944E629D4EC0}") = "VizBioSimulation", "Assembly-CSharp-vs.csproj", "{5093A713-D64E-8BE1-BFAA-7DCF7FE28D79}"
EndProject
Project("{6E1D1353-C862-4CBB-6C9C-944E629D4EC0}") = "VizBioSimulation", "Assembly-CSharp-Editor-vs.csproj", "{1941D4B9-265A-46B0-632B-813BFF61ECA5}"
EndProject
Global
	GlobalSection(SolutionConfigurationPlatforms) = preSolution
		Debug|Any CPU = Debug|Any CPU
		Release|Any CPU = Release|Any CPU
	EndGlobalSection
	GlobalSection(ProjectConfigurationPlatforms) = postSolution
		{9059D088-7B10-276B-F185-DD5E4D9AB37D}.Debug|Any CPU.ActiveCfg = Debug|Any CPU
		{9059D088-7B10-276B-F185-DD5E4D9AB37D}.Debug|Any CPU.Build.0 = Debug|Any CPU
		{9059D088-7B10-276B-F185-DD5E4D9AB37D}.Release|Any CPU.ActiveCfg = Release|Any CPU
		{9059D088-7B10-276B-F185-DD5E4D9AB37D}.Release|Any CPU.Build.0 = Release|Any CPU
		{5093A713-D64E-8BE1-BFAA-7DCF7FE28D79}.Debug|Any CPU.ActiveCfg = Debug|Any CPU
		{5093A713-D64E-8BE1-BFAA-7DCF7FE28D79}.Debug|Any CPU.Build.0 = Debug|Any CPU
		{5093A713-D64E-8BE1-BFAA-7DCF7FE28D79}.Release|Any CPU.ActiveCfg = Release|Any CPU
		{5093A713-D64E-8BE1-BFAA-7DCF7FE28D79}.Release|Any CPU.Build.0 = Release|Any CPU
		{1941D4B9-265A-46B0-632B-813BFF61ECA5}.Debug|Any CPU.ActiveCfg = Debug|Any CPU
		{1941D4B9-265A-46B0-632B-813BFF61ECA5}.Debug|Any CPU.Build.0 = Debug|Any CPU
		{1941D4B9-265A-46B0-632B-813BFF61ECA5}.Release|Any CPU.ActiveCfg = Release|Any CPU
		{1941D4B9-265A-46B0-632B-813BFF61ECA5}.Release|Any CPU.Build.0 = Release|Any CPU
	EndGlobalSection
	GlobalSection(SolutionProperties) = preSolution
		HideSolutionNode = FALSE
	EndGlobalSection
																														GlobalSection(MonoDevelopProperties) = preSolution
		StartupItem = Assembly-CSharp.csproj
		Policies = $0
		$0.TextStylePolicy = $1
		$1.inheritsSet = null
		$1.scope = text/x-csharp
		$0.CSharpFormattingPolicy = $2
		$2.inheritsSet = Mono
		$2.inheritsScope = text/x-csharp
		$2.scope = text/x-csharp
		$0.TextStylePolicy = $3
		$3.FileWidth = 120
		$3.TabWidth = 4
		$3.EolMarker = Unix
		$3.inheritsSet = Mono
		$3.inheritsScope = text/plain
		$3.scope = text/plain
	EndGlobalSection

EndGlobal
